
Microsoft Visual Studio Solution File, Format Version 12.00
# Visual Studio Version 16
VisualStudioVersion = 16.0.33529.622
MinimumVisualStudioVersion = 10.0.40219.1
Project("{2150E333-8FDC-42A3-9474-1A3956D46DE8}") = "Src", "Src", "{710632AA-08B4-4974-BAF3-C6004DE347D6}"
EndProject
Project("{2150E333-8FDC-42A3-9474-1A3956D46DE8}") = "Tests", "Tests", "{DC7C8CC6-47BB-4C47-99C2-68460F918C5A}"
EndProject
Project("{2150E333-8FDC-42A3-9474-1A3956D46DE8}") = "Doc", "Doc", "{6D4267F0-FEE3-4EE9-8D35-7638AF82746A}"
EndProject
Project("{2150E333-8FDC-42A3-9474-1A3956D46DE8}") = "Solution Items", "Solution Items", "{2B77F447-C902-4925-B541-5DE0EDB8C620}"
EndProject
Project("{2150E333-8FDC-42A3-9474-1A3956D46DE8}") = "Core", "Core", "{1D5AEF3D-3019-478F-9F10-A170F2307760}"
EndProject
Project("{9A19103F-16F7-4668-BE54-9A1E7A4F7556}") = "Domain", "Domain\Domain.csproj", "{322E78F5-6FDB-469A-BCF8-95658B2F0F8A}"
EndProject
Project("{9A19103F-16F7-4668-BE54-9A1E7A4F7556}") = "Application", "Application\Application.csproj", "{8CA7D62F-586A-4663-A361-50DC6FD5A882}"
EndProject
Project("{2150E333-8FDC-42A3-9474-1A3956D46DE8}") = "Presentation", "Presentation", "{A26975BA-97A7-4960-B29E-44E0E4A23ECD}"
EndProject
Project("{2150E333-8FDC-42A3-9474-1A3956D46DE8}") = "Infrastructures", "Infrastructures", "{07003A79-B783-4FD6-86C0-5944C71E7C05}"
EndProject
Project("{9A19103F-16F7-4668-BE54-9A1E7A4F7556}") = "Infrastructure", "Infrastructure\Infrastructure.csproj", "{61C211E6-CA1E-4555-8F8E-1ED3CC2172AA}"
EndProject
Project("{9A19103F-16F7-4668-BE54-9A1E7A4F7556}") = "Persistence", "Persistence\Persistence.csproj", "{3B58E043-AC73-4BA8-AC91-EE40C7B4EA80}"
EndProject
Project("{9A19103F-16F7-4668-BE54-9A1E7A4F7556}") = "WebSite.EndPoint", "WebSite.EndPoint\WebSite.EndPoint.csproj", "{A99EFFE3-2608-4613-9AB1-77425E1B1018}"
EndProject
Project("{9A19103F-16F7-4668-BE54-9A1E7A4F7556}") = "Admin.EndPoint", "Admin.EndPoint\Admin.EndPoint.csproj", "{CC495892-0E32-44BE-AC9D-3BF065CE42B3}"
EndProject
Project("{2150E333-8FDC-42A3-9474-1A3956D46DE8}") = "Commons", "Commons", "{9A3E3148-FBC7-4C20-8F4D-DF21D8D6928A}"
EndProject
Project("{9A19103F-16F7-4668-BE54-9A1E7A4F7556}") = "Common", "Common\Common.csproj", "{42EFFFE4-5711-4A8C-97B6-AEF941DDFE48}"
EndProject
Project("{9A19103F-16F7-4668-BE54-9A1E7A4F7556}") = "StaticFile.EndPoint", "StaticFile.EndPoint\StaticFile.EndPoint.csproj", "{98B84A20-56E0-47A6-9714-8FF90A899DD2}"
EndProject
Project("{9A19103F-16F7-4668-BE54-9A1E7A4F7556}") = "UnitTest", "UnitTest\UnitTest.csproj", "{9F7351C5-3FB5-41A1-A3DB-C342A2C63D1C}"
EndProject
Project("{FAE04EC0-301F-11D3-BF4B-00C04F79EFBC}") = "Api.EndPoint", "Api.EndPoint\Api.EndPoint.csproj", "{6D22FB83-4B0B-4E22-B356-FB67BF83A5A2}"
EndProject
Global
	GlobalSection(SolutionConfigurationPlatforms) = preSolution
		Debug|Any CPU = Debug|Any CPU
		Release|Any CPU = Release|Any CPU
	EndGlobalSection
	GlobalSection(ProjectConfigurationPlatforms) = postSolution
		{322E78F5-6FDB-469A-BCF8-95658B2F0F8A}.Debug|Any CPU.ActiveCfg = Debug|Any CPU
		{322E78F5-6FDB-469A-BCF8-95658B2F0F8A}.Debug|Any CPU.Build.0 = Debug|Any CPU
		{322E78F5-6FDB-469A-BCF8-95658B2F0F8A}.Release|Any CPU.ActiveCfg = Release|Any CPU
		{322E78F5-6FDB-469A-BCF8-95658B2F0F8A}.Release|Any CPU.Build.0 = Release|Any CPU
		{8CA7D62F-586A-4663-A361-50DC6FD5A882}.Debug|Any CPU.ActiveCfg = Debug|Any CPU
		{8CA7D62F-586A-4663-A361-50DC6FD5A882}.Debug|Any CPU.Build.0 = Debug|Any CPU
		{8CA7D62F-586A-4663-A361-50DC6FD5A882}.Release|Any CPU.ActiveCfg = Release|Any CPU
		{8CA7D62F-586A-4663-A361-50DC6FD5A882}.Release|Any CPU.Build.0 = Release|Any CPU
		{61C211E6-CA1E-4555-8F8E-1ED3CC2172AA}.Debug|Any CPU.ActiveCfg = Debug|Any CPU
		{61C211E6-CA1E-4555-8F8E-1ED3CC2172AA}.Debug|Any CPU.Build.0 = Debug|Any CPU
		{61C211E6-CA1E-4555-8F8E-1ED3CC2172AA}.Release|Any CPU.ActiveCfg = Release|Any CPU
		{61C211E6-CA1E-4555-8F8E-1ED3CC2172AA}.Release|Any CPU.Build.0 = Release|Any CPU
		{3B58E043-AC73-4BA8-AC91-EE40C7B4EA80}.Debug|Any CPU.ActiveCfg = Debug|Any CPU
		{3B58E043-AC73-4BA8-AC91-EE40C7B4EA80}.Debug|Any CPU.Build.0 = Debug|Any CPU
		{3B58E043-AC73-4BA8-AC91-EE40C7B4EA80}.Release|Any CPU.ActiveCfg = Release|Any CPU
		{3B58E043-AC73-4BA8-AC91-EE40C7B4EA80}.Release|Any CPU.Build.0 = Release|Any CPU
		{A99EFFE3-2608-4613-9AB1-77425E1B1018}.Debug|Any CPU.ActiveCfg = Debug|Any CPU
		{A99EFFE3-2608-4613-9AB1-77425E1B1018}.Debug|Any CPU.Build.0 = Debug|Any CPU
		{A99EFFE3-2608-4613-9AB1-77425E1B1018}.Release|Any CPU.ActiveCfg = Release|Any CPU
		{A99EFFE3-2608-4613-9AB1-77425E1B1018}.Release|Any CPU.Build.0 = Release|Any CPU
		{CC495892-0E32-44BE-AC9D-3BF065CE42B3}.Debug|Any CPU.ActiveCfg = Debug|Any CPU
		{CC495892-0E32-44BE-AC9D-3BF065CE42B3}.Debug|Any CPU.Build.0 = Debug|Any CPU
		{CC495892-0E32-44BE-AC9D-3BF065CE42B3}.Release|Any CPU.ActiveCfg = Release|Any CPU
		{CC495892-0E32-44BE-AC9D-3BF065CE42B3}.Release|Any CPU.Build.0 = Release|Any CPU
		{42EFFFE4-5711-4A8C-97B6-AEF941DDFE48}.Debug|Any CPU.ActiveCfg = Debug|Any CPU
		{42EFFFE4-5711-4A8C-97B6-AEF941DDFE48}.Debug|Any CPU.Build.0 = Debug|Any CPU
		{42EFFFE4-5711-4A8C-97B6-AEF941DDFE48}.Release|Any CPU.ActiveCfg = Release|Any CPU
		{42EFFFE4-5711-4A8C-97B6-AEF941DDFE48}.Release|Any CPU.Build.0 = Release|Any CPU
		{98B84A20-56E0-47A6-9714-8FF90A899DD2}.Debug|Any CPU.ActiveCfg = Debug|Any CPU
		{98B84A20-56E0-47A6-9714-8FF90A899DD2}.Debug|Any CPU.Build.0 = Debug|Any CPU
		{98B84A20-56E0-47A6-9714-8FF90A899DD2}.Release|Any CPU.ActiveCfg = Release|Any CPU
		{98B84A20-56E0-47A6-9714-8FF90A899DD2}.Release|Any CPU.Build.0 = Release|Any CPU
		{9F7351C5-3FB5-41A1-A3DB-C342A2C63D1C}.Debug|Any CPU.ActiveCfg = Debug|Any CPU
		{9F7351C5-3FB5-41A1-A3DB-C342A2C63D1C}.Debug|Any CPU.Build.0 = Debug|Any CPU
		{9F7351C5-3FB5-41A1-A3DB-C342A2C63D1C}.Release|Any CPU.ActiveCfg = Release|Any CPU
		{9F7351C5-3FB5-41A1-A3DB-C342A2C63D1C}.Release|Any CPU.Build.0 = Release|Any CPU
		{6D22FB83-4B0B-4E22-B356-FB67BF83A5A2}.Debug|Any CPU.ActiveCfg = Debug|Any CPU
		{6D22FB83-4B0B-4E22-B356-FB67BF83A5A2}.Debug|Any CPU.Build.0 = Debug|Any CPU
		{6D22FB83-4B0B-4E22-B356-FB67BF83A5A2}.Release|Any CPU.ActiveCfg = Release|Any CPU
		{6D22FB83-4B0B-4E22-B356-FB67BF83A5A2}.Release|Any CPU.Build.0 = Release|Any CPU
	EndGlobalSection
	GlobalSection(SolutionProperties) = preSolution
		HideSolutionNode = FALSE
	EndGlobalSection
	GlobalSection(NestedProjects) = preSolution
		{1D5AEF3D-3019-478F-9F10-A170F2307760} = {710632AA-08B4-4974-BAF3-C6004DE347D6}
		{322E78F5-6FDB-469A-BCF8-95658B2F0F8A} = {1D5AEF3D-3019-478F-9F10-A170F2307760}
		{8CA7D62F-586A-4663-A361-50DC6FD5A882} = {1D5AEF3D-3019-478F-9F10-A170F2307760}
		{A26975BA-97A7-4960-B29E-44E0E4A23ECD} = {710632AA-08B4-4974-BAF3-C6004DE347D6}
		{07003A79-B783-4FD6-86C0-5944C71E7C05} = {710632AA-08B4-4974-BAF3-C6004DE347D6}
		{61C211E6-CA1E-4555-8F8E-1ED3CC2172AA} = {07003A79-B783-4FD6-86C0-5944C71E7C05}
		{3B58E043-AC73-4BA8-AC91-EE40C7B4EA80} = {07003A79-B783-4FD6-86C0-5944C71E7C05}
		{A99EFFE3-2608-4613-9AB1-77425E1B1018} = {A26975BA-97A7-4960-B29E-44E0E4A23ECD}
		{CC495892-0E32-44BE-AC9D-3BF065CE42B3} = {A26975BA-97A7-4960-B29E-44E0E4A23ECD}
		{9A3E3148-FBC7-4C20-8F4D-DF21D8D6928A} = {710632AA-08B4-4974-BAF3-C6004DE347D6}
		{42EFFFE4-5711-4A8C-97B6-AEF941DDFE48} = {9A3E3148-FBC7-4C20-8F4D-DF21D8D6928A}
		{98B84A20-56E0-47A6-9714-8FF90A899DD2} = {A26975BA-97A7-4960-B29E-44E0E4A23ECD}
		{9F7351C5-3FB5-41A1-A3DB-C342A2C63D1C} = {DC7C8CC6-47BB-4C47-99C2-68460F918C5A}
		{6D22FB83-4B0B-4E22-B356-FB67BF83A5A2} = {A26975BA-97A7-4960-B29E-44E0E4A23ECD}
	EndGlobalSection
	GlobalSection(ExtensibilityGlobals) = postSolution
		SolutionGuid = {B93881DB-B0D4-430F-A881-313325C8DB90}
	EndGlobalSection
EndGlobal
